
Microsoft Visual Studio Solution File, Format Version 12.00
# Visual Studio Version 17
VisualStudioVersion = 17.7.34031.279
MinimumVisualStudioVersion = 10.0.40219.1
Project("{FAE04EC0-301F-11D3-BF4B-00C04F79EFBC}") = "tinhchisocannangcuacothe", "tinhchisocannangcuacothe\tinhchisocannangcuacothe.csproj", "{03E57198-DB8D-4F4D-97C2-A90E1CF6C140}"
EndProject
Global
	GlobalSection(SolutionConfigurationPlatforms) = preSolution
		Debug|Any CPU = Debug|Any CPU
		Release|Any CPU = Release|Any CPU
	EndGlobalSection
	GlobalSection(ProjectConfigurationPlatforms) = postSolution
		{03E57198-DB8D-4F4D-97C2-A90E1CF6C140}.Debug|Any CPU.ActiveCfg = Debug|Any CPU
		{03E57198-DB8D-4F4D-97C2-A90E1CF6C140}.Debug|Any CPU.Build.0 = Debug|Any CPU
		{03E57198-DB8D-4F4D-97C2-A90E1CF6C140}.Release|Any CPU.ActiveCfg = Release|Any CPU
		{03E57198-DB8D-4F4D-97C2-A90E1CF6C140}.Release|Any CPU.Build.0 = Release|Any CPU
	EndGlobalSection
	GlobalSection(SolutionProperties) = preSolution
		HideSolutionNode = FALSE
	EndGlobalSection
	GlobalSection(ExtensibilityGlobals) = postSolution
		SolutionGuid = {96F41258-850C-4C57-B317-0E389773A917}
	EndGlobalSection
EndGlobal
